
Microsoft Visual Studio Solution File, Format Version 12.00
# Visual Studio Version 17
VisualStudioVersion = 17.5.33402.96
MinimumVisualStudioVersion = 10.0.40219.1
Project("{FAE04EC0-301F-11D3-BF4B-00C04F79EFBC}") = "MaximumSubarray", "MaximumSubarray\MaximumSubarray.csproj", "{308EC062-A02A-4FF1-8679-E8294153DFFC}"
EndProject
Global
	GlobalSection(SolutionConfigurationPlatforms) = preSolution
		Debug|Any CPU = Debug|Any CPU
		Release|Any CPU = Release|Any CPU
	EndGlobalSection
	GlobalSection(ProjectConfigurationPlatforms) = postSolution
		{308EC062-A02A-4FF1-8679-E8294153DFFC}.Debug|Any CPU.ActiveCfg = Debug|Any CPU
		{308EC062-A02A-4FF1-8679-E8294153DFFC}.Debug|Any CPU.Build.0 = Debug|Any CPU
		{308EC062-A02A-4FF1-8679-E8294153DFFC}.Release|Any CPU.ActiveCfg = Release|Any CPU
		{308EC062-A02A-4FF1-8679-E8294153DFFC}.Release|Any CPU.Build.0 = Release|Any CPU
	EndGlobalSection
	GlobalSection(SolutionProperties) = preSolution
		HideSolutionNode = FALSE
	EndGlobalSection
	GlobalSection(ExtensibilityGlobals) = postSolution
		SolutionGuid = {308FE758-D3F9-46EA-89CD-E12900AF6F57}
	EndGlobalSection
EndGlobal
